PODS:
  - Alamofire (3.3.1)
  - AlamofireObjectMapper (2.1.2):
    - Alamofire (~> 3.2)
    - ObjectMapper (~> 1.0)
  - Eureka (1.5.0)
  - OAuthSwift (0.5.2)
  - ObjectMapper (1.2.0)

DEPENDENCIES:
  - Alamofire (~> 3.3)
  - AlamofireObjectMapper (~> 2.1)
  - Eureka (~> 1.5)
  - OAuthSwift (~> 0.5.0)
  - ObjectMapper (~> 1.0)

SPEC CHECKSUMS:
  Alamofire: 369bc67b6f5ac33ded3648d7bd21c5bfb91c2ecc
  AlamofireObjectMapper: 82391c31f23e37bdb2660da174bcf81b202da39d
  Eureka: 2fb37bb50569c62ee3284689d5b7aca694b040e0
  OAuthSwift: 1ef042d4362e755e24a78f158d817245641a5d24
  ObjectMapper: b1e9c7c8a9f6400b72690c80072c131504caa66f

COCOAPODS: 0.39.0
